
Microsoft Visual Studio Solution File, Format Version 12.00
# Visual Studio 2012
Project("{8BC9CEB8-8B4A-11D0-8D11-00A0C91BC942}") = "qoi", "qoi.vcxproj", "{DC7EB9D1-9ACE-4CE4-AC32-7321CA116889}"
EndProject
Global
	GlobalSection(SolutionConfigurationPlatforms) = preSolution
		Debug|Win32 = Debug|Win32
		Release|Win32 = Release|Win32
	EndGlobalSection
	GlobalSection(ProjectConfigurationPlatforms) = postSolution
		{DC7EB9D1-9ACE-4CE4-AC32-7321CA116889}.Debug|Win32.ActiveCfg = Debug|Win32
		{DC7EB9D1-9ACE-4CE4-AC32-7321CA116889}.Debug|Win32.Build.0 = Debug|Win32
		{DC7EB9D1-9ACE-4CE4-AC32-7321CA116889}.Release|Win32.ActiveCfg = Release|Win32
		{DC7EB9D1-9ACE-4CE4-AC32-7321CA116889}.Release|Win32.Build.0 = Release|Win32
	EndGlobalSection
	GlobalSection(SolutionProperties) = preSolution
		HideSolutionNode = FALSE
	EndGlobalSection
EndGlobal
